
Microsoft Visual Studio Solution File, Format Version 12.00
# Visual Studio Version 16
VisualStudioVersion = 16.0.29709.97
MinimumVisualStudioVersion = 10.0.40219.1
Project("{FAE04EC0-301F-11D3-BF4B-00C04F79EFBC}") = "IE322.LabWork", "IE322.LabWork\IE322.LabWork.csproj", "{C8C332E3-E8AF-43B7-81C9-4854C1729B8B}"
EndProject
Global
	GlobalSection(SolutionConfigurationPlatforms) = preSolution
		Debug|Any CPU = Debug|Any CPU
		Release|Any CPU = Release|Any CPU
	EndGlobalSection
	GlobalSection(ProjectConfigurationPlatforms) = postSolution
		{C8C332E3-E8AF-43B7-81C9-4854C1729B8B}.Debug|Any CPU.ActiveCfg = Debug|Any CPU
		{C8C332E3-E8AF-43B7-81C9-4854C1729B8B}.Debug|Any CPU.Build.0 = Debug|Any CPU
		{C8C332E3-E8AF-43B7-81C9-4854C1729B8B}.Release|Any CPU.ActiveCfg = Release|Any CPU
		{C8C332E3-E8AF-43B7-81C9-4854C1729B8B}.Release|Any CPU.Build.0 = Release|Any CPU
	EndGlobalSection
	GlobalSection(SolutionProperties) = preSolution
		HideSolutionNode = FALSE
	EndGlobalSection
	GlobalSection(ExtensibilityGlobals) = postSolution
		SolutionGuid = {E196BDA3-AB50-4DAF-8BAB-69A426FB4682}
	EndGlobalSection
EndGlobal
